// !$*UTF8*$!
{
	archiveVersion = 1;
	classes = {
	};
	objectVersion = 50;
	objects = {

/* Begin PBXBuildFile section */
		B3F3CE8F20E07D3200AAD58A /* AppDelegate.swift in Sources */ = {isa = PBXBuildFile; fileRef = B3F3CE8E20E07D3200AAD58A /* AppDelegate.swift */; };
		B3F3CE9120E07D3200AAD58A /* ViewController.swift in Sources */ = {isa = PBXBuildFile; fileRef = B3F3CE9020E07D3200AAD58A /* ViewController.swift */; };
		B3F3CE9420E07D3200AAD58A /* Main.storyboard in Resources */ = {isa = PBXBuildFile; fileRef = B3F3CE9220E07D3200AAD58A /* Main.storyboard */; };
		B3F3CE9620E07D3400AAD58A /* Assets.xcassets in Resources */ = {isa = PBXBuildFile; fileRef = B3F3CE9520E07D3400AAD58A /* Assets.xcassets */; };
		B3F3CE9920E07D3400AAD58A /* LaunchScreen.storyboard in Resources */ = {isa = PBXBuildFile; fileRef = B3F3CE9720E07D3400AAD58A /* LaunchScreen.storyboard */; };
		B3F3CEA420E07D3400AAD58A /* test1Tests.swift in Sources */ = {isa = PBXBuildFile; fileRef = B3F3CEA320E07D3400AAD58A /* test1Tests.swift */; };
		B3F3CEAF20E07D3400AAD58A /* test1UITests.swift in Sources */ = {isa = PBXBuildFile; fileRef = B3F3CEAE20E07D3400AAD58A /* test1UITests.swift */; };
/* End PBXBuildFile section */

/* Begin PBXContainerItemProxy section */
		B3F3CEA020E07D3400AAD58A /* PBXContainerItemProxy */ = {
			isa = PBXContainerItemProxy;
			containerPortal = B3F3CE8320E07D3200AAD58A /* Project object */;
			proxyType = 1;
			remoteGlobalIDString = B3F3CE8A20E07D3200AAD58A;
			remoteInfo = test1;
		};
		B3F3CEAB20E07D3400AAD58A /* PBXContainerItemProxy */ = {
			isa = PBXContainerItemProxy;
			containerPortal = B3F3CE8320E07D3200AAD58A /* Project object */;
			proxyType = 1;
			remoteGlobalIDString = B3F3CE8A20E07D3200AAD58A;
			remoteInfo = test1;
		};
/* End PBXContainerItemProxy section */

/* Begin PBXFileReference section */
		B3F3CE8B20E07D3200AAD58A /* test1.app */ = {isa = PBXFileReference; explicitFileType = wrapper.application; includeInIndex = 0; path = test1.app; sourceTree = BUILT_PRODUCTS_DIR; };
		B3F3CE8E20E07D3200AAD58A /* AppDelegate.swift */ = {isa = PBXFileReference; lastKnownFileType = sourcecode.swift; path = AppDelegate.swift; sourceTree = "<group>"; };
		B3F3CE9020E07D3200AAD58A /* ViewController.swift */ = {isa = PBXFileReference; lastKnownFileType = sourcecode.swift; path = ViewController.swift; sourceTree = "<group>"; };
		B3F3CE9320E07D3200AAD58A /* Base */ = {isa = PBXFileReference; lastKnownFileType = file.storyboard; name = Base; path = Base.lproj/Main.storyboard; sourceTree = "<group>"; };
		B3F3CE9520E07D3400AAD58A /* Assets.xcassets */ = {isa = PBXFileReference; lastKnownFileType = folder.assetcatalog; path = Assets.xcassets; sourceTree = "<group>"; };
		B3F3CE9820E07D3400AAD58A /* Base */ = {isa = PBXFileReference; lastKnownFileType = file.storyboard; name = Base; path = Base.lproj/LaunchScreen.storyboard; sourceTree = "<group>"; };
		B3F3CE9A20E07D3400AAD58A /* Info.plist */ = {isa = PBXFileReference; lastKnownFileType = text.plist.xml; path = Info.plist; sourceTree = "<group>"; };
		B3F3CE9F20E07D3400AAD58A /* test1Tests.xctest */ = {isa = PBXFileReference; explicitFileType = wrapper.cfbundle; includeInIndex = 0; path = test1Tests.xctest; sourceTree = BUILT_PRODUCTS_DIR; };
		B3F3CEA320E07D3400AAD58A /* test1Tests.swift */ = {isa = PBXFileReference; lastKnownFileType = sourcecode.swift; path = test1Tests.swift; sourceTree = "<group>"; };
		B3F3CEA520E07D3400AAD58A /* Info.plist */ = {isa = PBXFileReference; lastKnownFileType = text.plist.xml; path = Info.plist; sourceTree = "<group>"; };
		B3F3CEAA20E07D3400AAD58A /* test1UITests.xctest */ = {isa = PBXFileReference; explicitFileType = wrapper.cfbundle; includeInIndex = 0; path = test1UITests.xctest; sourceTree = BUILT_PRODUCTS_DIR; };
		B3F3CEAE20E07D3400AAD58A /* test1UITests.swift */ = {isa = PBXFileReference; lastKnownFileType = sourcecode.swift; path = test1UITests.swift; sourceTree = "<group>"; };
		B3F3CEB020E07D3400AAD58A /* Info.plist */ = {isa = PBXFileReference; lastKnownFileType = text.plist.xml; path = Info.plist; sourceTree = "<group>"; };
/* End PBXFileReference section */

/* Begin PBXFrameworksBuildPhase section */
		B3F3CE8820E07D3200AAD58A /* Frameworks */ = {
			isa = PBXFrameworksBuildPhase;
			buildActionMask = 2147483647;
			files = (
			);
			runOnlyForDeploymentPostprocessing = 0;
		};
		B3F3CE9C20E07D3400AAD58A /* Frameworks */ = {
			isa = PBXFrameworksBuildPhase;
			buildActionMask = 2147483647;
			files = (
			);
			runOnlyForDeploymentPostprocessing = 0;
		};
		B3F3CEA720E07D3400AAD58A /* Frameworks */ = {
			isa = PBXFrameworksBuildPhase;
			buildActionMask = 2147483647;
			files = (
			);
			runOnlyForDeploymentPostprocessing = 0;
		};
/* End PBXFrameworksBuildPhase section */

/* Begin PBXGroup section */
		B3F3CE8220E07D3200AAD58A = {
			isa = PBXGroup;
			children = (
				B3F3CE8D20E07D3200AAD58A /* test1 */,
				B3F3CEA220E07D3400AAD58A /* test1Tests */,
				B3F3CEAD20E07D3400AAD58A /* test1UITests */,
				B3F3CE8C20E07D3200AAD58A /* Products */,
			);
			sourceTree = "<group>";
		};
		B3F3CE8C20E07D3200AAD58A /* Products */ = {
			isa = PBXGroup;
			children = (
				B3F3CE8B20E07D3200AAD58A /* test1.app */,
				B3F3CE9F20E07D3400AAD58A /* test1Tests.xctest */,
				B3F3CEAA20E07D3400AAD58A /* test1UITests.xctest */,
			);
			name = Products;
			sourceTree = "<group>";
		};
		B3F3CE8D20E07D3200AAD58A /* test1 */ = {
			isa = PBXGroup;
			children = (
				B3F3CE8E20E07D3200AAD58A /* AppDelegate.swift */,
				B3F3CE9020E07D3200AAD58A /* ViewController.swift */,
				B3F3CE9220E07D3200AAD58A /* Main.storyboard */,
				B3F3CE9520E07D3400AAD58A /* Assets.xcassets */,
				B3F3CE9720E07D3400AAD58A /* LaunchScreen.storyboard */,
				B3F3CE9A20E07D3400AAD58A /* Info.plist */,
			);
			path = test1;
			sourceTree = "<group>";
		};
		B3F3CEA220E07D3400AAD58A /* test1Tests */ = {
			isa = PBXGroup;
			children = (
				B3F3CEA320E07D3400AAD58A /* test1Tests.swift */,
				B3F3CEA520E07D3400AAD58A /* Info.plist */,
			);
			path = test1Tests;
			sourceTree = "<group>";
		};
		B3F3CEAD20E07D3400AAD58A /* test1UITests */ = {
			isa = PBXGroup;
			children = (
				B3F3CEAE20E07D3400AAD58A /* test1UITests.swift */,
				B3F3CEB020E07D3400AAD58A /* Info.plist */,
			);
			path = test1UITests;
			sourceTree = "<group>";
		};
/* End PBXGroup section */

/* Begin PBXNativeTarget section */
		B3F3CE8A20E07D3200AAD58A /* test1 */ = {
			isa = PBXNativeTarget;
			buildConfigurationList = B3F3CEB320E07D3400AAD58A /* Build configuration list for PBXNativeTarget "test1" */;
			buildPhases = (
				B3F3CE8720E07D3200AAD58A /* Sources */,
				B3F3CE8820E07D3200AAD58A /* Frameworks */,
				B3F3CE8920E07D3200AAD58A /* Resources */,
			);
			buildRules = (
			);
			dependencies = (
			);
			name = test1;
			productName = test1;
			productReference = B3F3CE8B20E07D3200AAD58A /* test1.app */;
			productType = "com.apple.product-type.application";
		};
		B3F3CE9E20E07D3400AAD58A /* test1Tests */ = {
			isa = PBXNativeTarget;
			buildConfigurationList = B3F3CEB620E07D3400AAD58A /* Build configuration list for PBXNativeTarget "test1Tests" */;
			buildPhases = (
				B3F3CE9B20E07D3400AAD58A /* Sources */,
				B3F3CE9C20E07D3400AAD58A /* Frameworks */,
				B3F3CE9D20E07D3400AAD58A /* Resources */,
			);
			buildRules = (
			);
			dependencies = (
				B3F3CEA120E07D3400AAD58A /* PBXTargetDependency */,
			);
			name = test1Tests;
			productName = test1Tests;
			productReference = B3F3CE9F20E07D3400AAD58A /* test1Tests.xctest */;
			productType = "com.apple.product-type.bundle.unit-test";
		};
		B3F3CEA920E07D3400AAD58A /* test1UITests */ = {
			isa = PBXNativeTarget;
			buildConfigurationList = B3F3CEB920E07D3400AAD58A /* Build configuration list for PBXNativeTarget "test1UITests" */;
			buildPhases = (
				B3F3CEA620E07D3400AAD58A /* Sources */,
				B3F3CEA720E07D3400AAD58A /* Frameworks */,
				B3F3CEA820E07D3400AAD58A /* Resources */,
			);
			buildRules = (
			);
			dependencies = (
				B3F3CEAC20E07D3400AAD58A /* PBXTargetDependency */,
			);
			name = test1UITests;
			productName = test1UITests;
			productReference = B3F3CEAA20E07D3400AAD58A /* test1UITests.xctest */;
			productType = "com.apple.product-type.bundle.ui-testing";
		};
/* End PBXNativeTarget section */

/* Begin PBXProject section */
		B3F3CE8320E07D3200AAD58A /* Project object */ = {
			isa = PBXProject;
			attributes = {
				LastSwiftUpdateCheck = 1000;
				LastUpgradeCheck = 1000;
				ORGANIZATIONNAME = LEO;
				TargetAttributes = {
					B3F3CE8A20E07D3200AAD58A = {
						CreatedOnToolsVersion = 10.0;
					};
					B3F3CE9E20E07D3400AAD58A = {
						CreatedOnToolsVersion = 10.0;
						TestTargetID = B3F3CE8A20E07D3200AAD58A;
					};
					B3F3CEA920E07D3400AAD58A = {
						CreatedOnToolsVersion = 10.0;
						TestTargetID = B3F3CE8A20E07D3200AAD58A;
					};
				};
			};
			buildConfigurationList = B3F3CE8620E07D3200AAD58A /* Build configuration list for PBXProject "test1" */;
			compatibilityVersion = "Xcode 9.3";
			developmentRegion = en;
			hasScannedForEncodings = 0;
			knownRegions = (
				en,
				Base,
			);
			mainGroup = B3F3CE8220E07D3200AAD58A;
			productRefGroup = B3F3CE8C20E07D3200AAD58A /* Products */;
			projectDirPath = "";
			projectRoot = "";
			targets = (
				B3F3CE8A20E07D3200AAD58A /* test1 */,
				B3F3CE9E20E07D3400AAD58A /* test1Tests */,
				B3F3CEA920E07D3400AAD58A /* test1UITests */,
			);
		};
/* End PBXProject section */

/* Begin PBXResourcesBuildPhase section */
		B3F3CE8920E07D3200AAD58A /* Resources */ = {
			isa = PBXResourcesBuildPhase;
			buildActionMask = 2147483647;
			files = (
				B3F3CE9920E07D3400AAD58A /* LaunchScreen.storyboard in Resources */,
				B3F3CE9620E07D3400AAD58A /* Assets.xcassets in Resources */,
				B3F3CE9420E07D3200AAD58A /* Main.storyboard in Resources */,
			);
			runOnlyForDeploymentPostprocessing = 0;
		};
		B3F3CE9D20E07D3400AAD58A /* Resources */ = {
			isa = PBXResourcesBuildPhase;
			buildActionMask = 2147483647;
			files = (
			);
			runOnlyForDeploymentPostprocessing = 0;
		};
		B3F3CEA820E07D3400AAD58A /* Resources */ = {
			isa = PBXResourcesBuildPhase;
			buildActionMask = 2147483647;
			files = (
			);
			runOnlyForDeploymentPostprocessing = 0;
		};
/* End PBXResourcesBuildPhase section */

/* Begin PBXSourcesBuildPhase section */
		B3F3CE8720E07D3200AAD58A /* Sources */ = {
			isa = PBXSourcesBuildPhase;
			buildActionMask = 2147483647;
			files = (
				B3F3CE9120E07D3200AAD58A /* ViewController.swift in Sources */,
				B3F3CE8F20E07D3200AAD58A /* AppDelegate.swift in Sources */,
			);
			runOnlyForDeploymentPostprocessing = 0;
		};
		B3F3CE9B20E07D3400AAD58A /* Sources */ = {
			isa = PBXSourcesBuildPhase;
			buildActionMask = 2147483647;
			files = (
				B3F3CEA420E07D3400AAD58A /* test1Tests.swift in Sources */,
			);
			runOnlyForDeploymentPostprocessing = 0;
		};
		B3F3CEA620E07D3400AAD58A /* Sources */ = {
			isa = PBXSourcesBuildPhase;
			buildActionMask = 2147483647;
			files = (
				B3F3CEAF20E07D3400AAD58A /* test1UITests.swift in Sources */,
			);
			runOnlyForDeploymentPostprocessing = 0;
		};
/* End PBXSourcesBuildPhase section */

/* Begin PBXTargetDependency section */
		B3F3CEA120E07D3400AAD58A /* PBXTargetDependency */ = {
			isa = PBXTargetDependency;
			target = B3F3CE8A20E07D3200AAD58A /* test1 */;
			targetProxy = B3F3CEA020E07D3400AAD58A /* PBXContainerItemProxy */;
		};
		B3F3CEAC20E07D3400AAD58A /* PBXTargetDependency */ = {
			isa = PBXTargetDependency;
			target = B3F3CE8A20E07D3200AAD58A /* test1 */;
			targetProxy = B3F3CEAB20E07D3400AAD58A /* PBXContainerItemProxy */;
		};
/* End PBXTargetDependency section */

/* Begin PBXVariantGroup section */
		B3F3CE9220E07D3200AAD58A /* Main.storyboard */ = {
			isa = PBXVariantGroup;
			children = (
				B3F3CE9320E07D3200AAD58A /* Base */,
			);
			name = Main.storyboard;
			sourceTree = "<group>";
		};
		B3F3CE9720E07D3400AAD58A /* LaunchScreen.storyboard */ = {
			isa = PBXVariantGroup;
			children = (
				B3F3CE9820E07D3400AAD58A /* Base */,
			);
			name = LaunchScreen.storyboard;
			sourceTree = "<group>";
		};
/* End PBXVariantGroup section */

/* Begin XCBuildConfiguration section */
		B3F3CEB120E07D3400AAD58A /* Debug */ = {
			isa = XCBuildConfiguration;
			buildSettings = {
				ALWAYS_SEARCH_USER_PATHS = NO;
				CLANG_ANALYZER_NONNULL = YES;
				CLANG_ANALYZER_NUMBER_OBJECT_CONVERSION = YES_AGGRESSIVE;
				CLANG_CXX_LANGUAGE_STANDARD = "gnu++14";
				CLANG_CXX_LIBRARY = "libc++";
				CLANG_ENABLE_MODULES = YES;
				CLANG_ENABLE_OBJC_ARC = YES;
				CLANG_ENABLE_OBJC_WEAK = YES;
				CLANG_WARN_BLOCK_CAPTURE_AUTORELEASING = YES;
				CLANG_WARN_BOOL_CONVERSION = YES;
				CLANG_WARN_COMMA = YES;
				CLANG_WARN_CONSTANT_CONVERSION = YES;
				CLANG_WARN_DEPRECATED_OBJC_IMPLEMENTATIONS = YES;
				CLANG_WARN_DIRECT_OBJC_ISA_USAGE = YES_ERROR;
				CLANG_WARN_DOCUMENTATION_COMMENTS = YES;
				CLANG_WARN_EMPTY_BODY = YES;
				CLANG_WARN_ENUM_CONVERSION = YES;
				CLANG_WARN_INFINITE_RECURSION = YES;
				CLANG_WARN_INT_CONVERSION = YES;
				CLANG_WARN_NON_LITERAL_NULL_CONVERSION = YES;
				CLANG_WARN_OBJC_IMPLICIT_RETAIN_SELF = YES;
				CLANG_WARN_OBJC_LITERAL_CONVERSION = YES;
				CLANG_WARN_OBJC_ROOT_CLASS = YES_ERROR;
				CLANG_WARN_RANGE_LOOP_ANALYSIS = YES;
				CLANG_WARN_STRICT_PROTOTYPES = YES;
				CLANG_WARN_SUSPICIOUS_MOVE = YES;
				CLANG_WARN_UNGUARDED_AVAILABILITY = YES_AGGRESSIVE;
				CLANG_WARN_UNREACHABLE_CODE = YES;
				CLANG_WARN__DUPLICATE_METHOD_MATCH = YES;
				CODE_SIGN_IDENTITY = "iPhone Developer";
				COPY_PHASE_STRIP = NO;
				DEBUG_INFORMATION_FORMAT = dwarf;
				ENABLE_STRICT_OBJC_MSGSEND = YES;
				ENABLE_TESTABILITY = YES;
				GCC_C_LANGUAGE_STANDARD = gnu11;
				GCC_DYNAMIC_NO_PIC = NO;
				GCC_NO_COMMON_BLOCKS = YES;
				GCC_OPTIMIZATION_LEVEL = 0;
				GCC_PREPROCESSOR_DEFINITIONS = (
					"DEBUG=1",
					"$(inherited)",
				);
				GCC_WARN_64_TO_32_BIT_CONVERSION = YES;
				GCC_WARN_ABOUT_RETURN_TYPE = YES_ERROR;
				GCC_WARN_UNDECLARED_SELECTOR = YES;
				GCC_WARN_UNINITIALIZED_AUTOS = YES_AGGRESSIVE;
				GCC_WARN_UNUSED_FUNCTION = YES;
				GCC_WARN_UNUSED_VARIABLE = YES;
				IPHONEOS_DEPLOYMENT_TARGET = 12.0;
				MTL_ENABLE_DEBUG_INFO = INCLUDE_SOURCE;
				ONLY_ACTIVE_ARCH = YES;
				SDKROOT = iphoneos;
				SWIFT_ACTIVE_COMPILATION_CONDITIONS = DEBUG;
				SWIFT_OPTIMIZATION_LEVEL = "-Onone";
			};
			name = Debug;
		};
		B3F3CEB220E07D3400AAD58A /* Release */ = {
			isa = XCBuildConfiguration;
			buildSettings = {
				ALWAYS_SEARCH_USER_PATHS = NO;
				CLANG_ANALYZER_NONNULL = YES;
				CLANG_ANALYZER_NUMBER_OBJECT_CONVERSION = YES_AGGRESSIVE;
				CLANG_CXX_LANGUAGE_STANDARD = "gnu++14";
				CLANG_CXX_LIBRARY = "libc++";
				CLANG_ENABLE_MODULES = YES;
				CLANG_ENABLE_OBJC_ARC = YES;
				CLANG_ENABLE_OBJC_WEAK = YES;
				CLANG_WARN_BLOCK_CAPTURE_AUTORELEASING = YES;
				CLANG_WARN_BOOL_CONVERSION = YES;
				CLANG_WARN_COMMA = YES;
				CLANG_WARN_CONSTANT_CONVERSION = YES;
				CLANG_WARN_DEPRECATED_OBJC_IMPLEMENTATIONS = YES;
				CLANG_WARN_DIRECT_OBJC_ISA_USAGE = YES_ERROR;
				CLANG_WARN_DOCUMENTATION_COMMENTS = YES;
				CLANG_WARN_EMPTY_BODY = YES;
				CLANG_WARN_ENUM_CONVERSION = YES;
				CLANG_WARN_INFINITE_RECURSION = YES;
				CLANG_WARN_INT_CONVERSION = YES;
				CLANG_WARN_NON_LITERAL_NULL_CONVERSION = YES;
				CLANG_WARN_OBJC_IMPLICIT_RETAIN_SELF = YES;
				CLANG_WARN_OBJC_LITERAL_CONVERSION = YES;
				CLANG_WARN_OBJC_ROOT_CLASS = YES_ERROR;
				CLANG_WARN_RANGE_LOOP_ANALYSIS = YES;
				CLANG_WARN_STRICT_PROTOTYPES = YES;
				CLANG_WARN_SUSPICIOUS_MOVE = YES;
				CLANG_WARN_UNGUARDED_AVAILABILITY = YES_AGGRESSIVE;
				CLANG_WARN_UNREACHABLE_CODE = YES;
				CLANG_WARN__DUPLICATE_METHOD_MATCH = YES;
				CODE_SIGN_IDENTITY = "iPhone Developer";
				COPY_PHASE_STRIP = NO;
				DEBUG_INFORMATION_FORMAT = "dwarf-with-dsym";
				ENABLE_NS_ASSERTIONS = NO;
				ENABLE_STRICT_OBJC_MSGSEND = YES;
				GCC_C_LANGUAGE_STANDARD = gnu11;
				GCC_NO_COMMON_BLOCKS = YES;
				GCC_WARN_64_TO_32_BIT_CONVERSION = YES;
				GCC_WARN_ABOUT_RETURN_TYPE = YES_ERROR;
				GCC_WARN_UNDECLARED_SELECTOR = YES;
				GCC_WARN_UNINITIALIZED_AUTOS = YES_AGGRESSIVE;
				GCC_WARN_UNUSED_FUNCTION = YES;
				GCC_WARN_UNUSED_VARIABLE = YES;
				IPHONEOS_DEPLOYMENT_TARGET = 12.0;
				MTL_ENABLE_DEBUG_INFO = NO;
				SDKROOT = iphoneos;
				SWIFT_COMPILATION_MODE = wholemodule;
				SWIFT_OPTIMIZATION_LEVEL = "-O";
				VALIDATE_PRODUCT = YES;
			};
			name = Release;
		};
		B3F3CEB420E07D3400AAD58A /* Debug */ = {
			isa = XCBuildConfiguration;
			buildSettings = {
				ASSETCATALOG_COMPILER_APPICON_NAME = AppIcon;
				CODE_SIGN_STYLE = Automatic;
				INFOPLIST_FILE = test1/Info.plist;
				LD_RUNPATH_SEARCH_PATHS = (
					"$(inherited)",
					"@executable_path/Frameworks",
				);
				PRODUCT_BUNDLE_IDENTIFIER = leo.test1;
				PRODUCT_NAME = "$(TARGET_NAME)";
				SWIFT_VERSION = 4.2;
				TARGETED_DEVICE_FAMILY = "1,2";
			};
			name = Debug;
		};
		B3F3CEB520E07D3400AAD58A /* Release */ = {
			isa = XCBuildConfiguration;
			buildSettings = {
				ASSETCATALOG_COMPILER_APPICON_NAME = AppIcon;
				CODE_SIGN_STYLE = Automatic;
				INFOPLIST_FILE = test1/Info.plist;
				LD_RUNPATH_SEARCH_PATHS = (
					"$(inherited)",
					"@executable_path/Frameworks",
				);
				PRODUCT_BUNDLE_IDENTIFIER = leo.test1;
				PRODUCT_NAME = "$(TARGET_NAME)";
				SWIFT_VERSION = 4.2;
				TARGETED_DEVICE_FAMILY = "1,2";
			};
			name = Release;
		};
		B3F3CEB720E07D3400AAD58A /* Debug */ = {
			isa = XCBuildConfiguration;
			buildSettings = {
				ALWAYS_EMBED_SWIFT_STANDARD_LIBRARIES = YES;
				BUNDLE_LOADER = "$(TEST_HOST)";
				CODE_SIGN_STYLE = Automatic;
				INFOPLIST_FILE = test1Tests/Info.plist;
				LD_RUNPATH_SEARCH_PATHS = (
					"$(inherited)",
					"@executable_path/Frameworks",
					"@loader_path/Frameworks",
				);
				PRODUCT_BUNDLE_IDENTIFIER = leo.test1Tests;
				PRODUCT_NAME = "$(TARGET_NAME)";
				SWIFT_VERSION = 4.2;
				TARGETED_DEVICE_FAMILY = "1,2";
				TEST_HOST = "$(BUILT_PRODUCTS_DIR)/test1.app/test1";
			};
			name = Debug;
		};
		B3F3CEB820E07D3400AAD58A /* Release */ = {
			isa = XCBuildConfiguration;
			buildSettings = {
				ALWAYS_EMBED_SWIFT_STANDARD_LIBRARIES = YES;
				BUNDLE_LOADER = "$(TEST_HOST)";
				CODE_SIGN_STYLE = Automatic;
				INFOPLIST_FILE = test1Tests/Info.plist;
				LD_RUNPATH_SEARCH_PATHS = (
					"$(inherited)",
					"@executable_path/Frameworks",
					"@loader_path/Frameworks",
				);
				PRODUCT_BUNDLE_IDENTIFIER = leo.test1Tests;
				PRODUCT_NAME = "$(TARGET_NAME)";
				SWIFT_VERSION = 4.2;
				TARGETED_DEVICE_FAMILY = "1,2";
				TEST_HOST = "$(BUILT_PRODUCTS_DIR)/test1.app/test1";
			};
			name = Release;
		};
		B3F3CEBA20E07D3400AAD58A /* Debug */ = {
			isa = XCBuildConfiguration;
			buildSettings = {
				ALWAYS_EMBED_SWIFT_STANDARD_LIBRARIES = YES;
				CODE_SIGN_STYLE = Automatic;
				INFOPLIST_FILE = test1UITests/Info.plist;
				LD_RUNPATH_SEARCH_PATHS = (
					"$(inherited)",
					"@executable_path/Frameworks",
					"@loader_path/Frameworks",
				);
				PRODUCT_BUNDLE_IDENTIFIER = leo.test1UITests;
				PRODUCT_NAME = "$(TARGET_NAME)";
				SWIFT_VERSION = 4.2;
				TARGETED_DEVICE_FAMILY = "1,2";
				TEST_TARGET_NAME = test1;
			};
			name = Debug;
		};
		B3F3CEBB20E07D3400AAD58A /* Release */ = {
			isa = XCBuildConfiguration;
			buildSettings = {
				ALWAYS_EMBED_SWIFT_STANDARD_LIBRARIES = YES;
				CODE_SIGN_STYLE = Automatic;
				INFOPLIST_FILE = test1UITests/Info.plist;
				LD_RUNPATH_SEARCH_PATHS = (
					"$(inherited)",
					"@executable_path/Frameworks",
					"@loader_path/Frameworks",
				);
				PRODUCT_BUNDLE_IDENTIFIER = leo.test1UITests;
				PRODUCT_NAME = "$(TARGET_NAME)";
				SWIFT_VERSION = 4.2;
				TARGETED_DEVICE_FAMILY = "1,2";
				TEST_TARGET_NAME = test1;
			};
			name = Release;
		};
/* End XCBuildConfiguration section */

/* Begin XCConfigurationList section */
		B3F3CE8620E07D3200AAD58A /* Build configuration list for PBXProject "test1" */ = {
			isa = XCConfigurationList;
			buildConfigurations = (
				B3F3CEB120E07D3400AAD58A /* Debug */,
				B3F3CEB220E07D3400AAD58A /* Release */,
			);
			defaultConfigurationIsVisible = 0;
			defaultConfigurationName = Release;
		};
		B3F3CEB320E07D3400AAD58A /* Build configuration list for PBXNativeTarget "test1" */ = {
			isa = XCConfigurationList;
			buildConfigurations = (
				B3F3CEB420E07D3400AAD58A /* Debug */,
				B3F3CEB520E07D3400AAD58A /* Release */,
			);
			defaultConfigurationIsVisible = 0;
			defaultConfigurationName = Release;
		};
		B3F3CEB620E07D3400AAD58A /* Build configuration list for PBXNativeTarget "test1Tests" */ = {
			isa = XCConfigurationList;
			buildConfigurations = (
				B3F3CEB720E07D3400AAD58A /* Debug */,
				B3F3CEB820E07D3400AAD58A /* Release */,
			);
			defaultConfigurationIsVisible = 0;
			defaultConfigurationName = Release;
		};
		B3F3CEB920E07D3400AAD58A /* Build configuration list for PBXNativeTarget "test1UITests" */ = {
			isa = XCConfigurationList;
			buildConfigurations = (
				B3F3CEBA20E07D3400AAD58A /* Debug */,
				B3F3CEBB20E07D3400AAD58A /* Release */,
			);
			defaultConfigurationIsVisible = 0;
			defaultConfigurationName = Release;
		};
/* End XCConfigurationList section */
	};
	rootObject = B3F3CE8320E07D3200AAD58A /* Project object */;
}
